PODS:
  - Alamofire (5.2.1)
  - AlamofireImage (4.1.0):
    - Alamofire (~> 5.1)
  - RxAlamofire (5.5.0):
    - RxAlamofire/Core (= 5.5.0)
  - RxAlamofire/Core (5.5.0):
    - Alamofire (~> 5.1)
    - RxSwift (~> 5.1)
  - RxCocoa (5.1.1):
    - RxRelay (~> 5)
    - RxSwift (~> 5)
  - RxRelay (5.1.1):
    - RxSwift (~> 5)
  - RxSwift (5.1.1)
  - RxSwiftExt (5.2.0):
    - RxSwiftExt/Core (= 5.2.0)
    - RxSwiftExt/RxCocoa (= 5.2.0)
  - RxSwiftExt/Core (5.2.0):
    - RxSwift (~> 5.0)
  - RxSwiftExt/RxCocoa (5.2.0):
    - RxCocoa (~> 5.0)
    - RxSwiftExt/Core
  - SwiftyJSON (5.0.0)
  - Swinject (2.6.2)

DEPENDENCIES:
  - Alamofire
  - AlamofireImage
  - RxAlamofire
  - RxCocoa
  - RxSwiftExt
  - SwiftyJSON
  - Swinject (~> 2.6.1)

SPEC REPOS:
  trunk:
    - Alamofire
    - AlamofireImage
    - RxAlamofire
    - RxCocoa
    - RxRelay
    - RxSwift
    - RxSwiftExt
    - SwiftyJSON
    - Swinject

SPEC CHECKSUMS:
  Alamofire: e911732990610fe89af59ac0077f923d72dc3dfd
  AlamofireImage: c4a2ba349885fb3064feb74d2e547bd42ce9be10
  RxAlamofire: 22287c710761466d0123504c566a8381520d4d63
  RxCocoa: 32065309a38d29b5b0db858819b5bf9ef038b601
  RxRelay: d77f7d771495f43c556cbc43eebd1bb54d01e8e9
  RxSwift: 81470a2074fa8780320ea5fe4102807cb7118178
  RxSwiftExt: 4ca80336f43c28f11a2825cdd2fc61dd6c044697
  SwiftyJSON: 36413e04c44ee145039d332b4f4e2d3e8d6c4db7
  Swinject: cf7458774b1b00323080a9c67e47a1ee7f9d2af1

PODFILE CHECKSUM: 64b92034d1caeb7e2cab552059116b183ff69724

COCOAPODS: 1.9.3
