// !$*UTF8*$!
{
	archiveVersion = 1;
	classes = {
	};
	objectVersion = 51;
	objects = {

/* Begin PBXBuildFile section */
		3F01FC80F8526827E48B6F9C /* Pods_WeatherTest.framework in Frameworks */ = {isa = PBXBuildFile; fileRef = CD76800C58512A9950E9E6C3 /* Pods_WeatherTest.framework */; };
		8AACD70824AF9E72005F61C9 /* CityTableViewCell.swift in Sources */ = {isa = PBXBuildFile; fileRef = 8AACD70724AF9E72005F61C9 /* CityTableViewCell.swift */; };
		8AACD70A24AF9F64005F61C9 /* DetailsViewController.swift in Sources */ = {isa = PBXBuildFile; fileRef = 8AACD70924AF9F64005F61C9 /* DetailsViewController.swift */; };
		8AEBE8E824AB76CD00ACF534 /* AppDelegate.swift in Sources */ = {isa = PBXBuildFile; fileRef = 8AEBE8E724AB76CD00ACF534 /* AppDelegate.swift */; };
		8AEBE8EA24AB76CD00ACF534 /* SceneDelegate.swift in Sources */ = {isa = PBXBuildFile; fileRef = 8AEBE8E924AB76CD00ACF534 /* SceneDelegate.swift */; };
		8AEBE8EC24AB76CD00ACF534 /* ViewController.swift in Sources */ = {isa = PBXBuildFile; fileRef = 8AEBE8EB24AB76CD00ACF534 /* ViewController.swift */; };
		8AEBE8EF24AB76CD00ACF534 /* Main.storyboard in Resources */ = {isa = PBXBuildFile; fileRef = 8AEBE8ED24AB76CD00ACF534 /* Main.storyboard */; };
		8AEBE8F224AB76CD00ACF534 /* WeatherTest.xcdatamodeld in Sources */ = {isa = PBXBuildFile; fileRef = 8AEBE8F024AB76CD00ACF534 /* WeatherTest.xcdatamodeld */; };
		8AEBE8F424AB76CF00ACF534 /* Assets.xcassets in Resources */ = {isa = PBXBuildFile; fileRef = 8AEBE8F324AB76CF00ACF534 /* Assets.xcassets */; };
		8AEBE8F724AB76CF00ACF534 /* LaunchScreen.storyboard in Resources */ = {isa = PBXBuildFile; fileRef = 8AEBE8F524AB76CF00ACF534 /* LaunchScreen.storyboard */; };
		8AEBE8FF24ACD32A00ACF534 /* Manager.swift in Sources */ = {isa = PBXBuildFile; fileRef = 8AEBE8FE24ACD32A00ACF534 /* Manager.swift */; };
		8AEBE90124ACE20100ACF534 /* CityWeather.swift in Sources */ = {isa = PBXBuildFile; fileRef = 8AEBE90024ACE20100ACF534 /* CityWeather.swift */; };
		8AEBE90324ADC10D00ACF534 /* ApiCommand.swift in Sources */ = {isa = PBXBuildFile; fileRef = 8AEBE90224ADC10D00ACF534 /* ApiCommand.swift */; };
		8AEBE90524AF632D00ACF534 /* URLBuilder.swift in Sources */ = {isa = PBXBuildFile; fileRef = 8AEBE90424AF632D00ACF534 /* URLBuilder.swift */; };
		8AEBE90724AF685D00ACF534 /* ManagerAssembly.swift in Sources */ = {isa = PBXBuildFile; fileRef = 8AEBE90624AF685D00ACF534 /* ManagerAssembly.swift */; };
/* End PBXBuildFile section */

/* Begin PBXFileReference section */
		6A2681D1952638D8C6A87EC6 /* Pods-WeatherTest.debug.xcconfig */ = {isa = PBXFileReference; includeInIndex = 1; lastKnownFileType = text.xcconfig; name = "Pods-WeatherTest.debug.xcconfig"; path = "Target Support Files/Pods-WeatherTest/Pods-WeatherTest.debug.xcconfig"; sourceTree = "<group>"; };
		8AACD70724AF9E72005F61C9 /* CityTableViewCell.swift */ = {isa = PBXFileReference; lastKnownFileType = sourcecode.swift; path = CityTableViewCell.swift; sourceTree = "<group>"; };
		8AACD70924AF9F64005F61C9 /* DetailsViewController.swift */ = {isa = PBXFileReference; lastKnownFileType = sourcecode.swift; path = DetailsViewController.swift; sourceTree = "<group>"; };
		8AEBE8E424AB76CD00ACF534 /* WeatherTest.app */ = {isa = PBXFileReference; explicitFileType = wrapper.application; includeInIndex = 0; path = WeatherTest.app; sourceTree = BUILT_PRODUCTS_DIR; };
		8AEBE8E724AB76CD00ACF534 /* AppDelegate.swift */ = {isa = PBXFileReference; lastKnownFileType = sourcecode.swift; path = AppDelegate.swift; sourceTree = "<group>"; };
		8AEBE8E924AB76CD00ACF534 /* SceneDelegate.swift */ = {isa = PBXFileReference; lastKnownFileType = sourcecode.swift; path = SceneDelegate.swift; sourceTree = "<group>"; };
		8AEBE8EB24AB76CD00ACF534 /* ViewController.swift */ = {isa = PBXFileReference; lastKnownFileType = sourcecode.swift; path = ViewController.swift; sourceTree = "<group>"; };
		8AEBE8EE24AB76CD00ACF534 /* Base */ = {isa = PBXFileReference; lastKnownFileType = file.storyboard; name = Base; path = Base.lproj/Main.storyboard; sourceTree = "<group>"; };
		8AEBE8F124AB76CD00ACF534 /* WeatherTest.xcdatamodel */ = {isa = PBXFileReference; lastKnownFileType = wrapper.xcdatamodel; path = WeatherTest.xcdatamodel; sourceTree = "<group>"; };
		8AEBE8F324AB76CF00ACF534 /* Assets.xcassets */ = {isa = PBXFileReference; lastKnownFileType = folder.assetcatalog; path = Assets.xcassets; sourceTree = "<group>"; };
		8AEBE8F624AB76CF00ACF534 /* Base */ = {isa = PBXFileReference; lastKnownFileType = file.storyboard; name = Base; path = Base.lproj/LaunchScreen.storyboard; sourceTree = "<group>"; };
		8AEBE8F824AB76CF00ACF534 /* Info.plist */ = {isa = PBXFileReference; lastKnownFileType = text.plist.xml; path = Info.plist; sourceTree = "<group>"; };
		8AEBE8FE24ACD32A00ACF534 /* Manager.swift */ = {isa = PBXFileReference; lastKnownFileType = sourcecode.swift; path = Manager.swift; sourceTree = "<group>"; };
		8AEBE90024ACE20100ACF534 /* CityWeather.swift */ = {isa = PBXFileReference; lastKnownFileType = sourcecode.swift; path = CityWeather.swift; sourceTree = "<group>"; };
		8AEBE90224ADC10D00ACF534 /* ApiCommand.swift */ = {isa = PBXFileReference; lastKnownFileType = sourcecode.swift; path = ApiCommand.swift; sourceTree = "<group>"; };
		8AEBE90424AF632D00ACF534 /* URLBuilder.swift */ = {isa = PBXFileReference; lastKnownFileType = sourcecode.swift; path = URLBuilder.swift; sourceTree = "<group>"; };
		8AEBE90624AF685D00ACF534 /* ManagerAssembly.swift */ = {isa = PBXFileReference; lastKnownFileType = sourcecode.swift; path = ManagerAssembly.swift; sourceTree = "<group>"; };
		CD76800C58512A9950E9E6C3 /* Pods_WeatherTest.framework */ = {isa = PBXFileReference; explicitFileType = wrapper.framework; includeInIndex = 0; path = Pods_WeatherTest.framework; sourceTree = BUILT_PRODUCTS_DIR; };
		FDB409C4B7578EEAD46CE250 /* Pods-WeatherTest.release.xcconfig */ = {isa = PBXFileReference; includeInIndex = 1; lastKnownFileType = text.xcconfig; name = "Pods-WeatherTest.release.xcconfig"; path = "Target Support Files/Pods-WeatherTest/Pods-WeatherTest.release.xcconfig"; sourceTree = "<group>"; };
/* End PBXFileReference section */

/* Begin PBXFrameworksBuildPhase section */
		8AEBE8E124AB76CD00ACF534 /* Frameworks */ = {
			isa = PBXFrameworksBuildPhase;
			buildActionMask = 2147483647;
			files = (
				3F01FC80F8526827E48B6F9C /* Pods_WeatherTest.framework in Frameworks */,
			);
			runOnlyForDeploymentPostprocessing = 0;
		};
/* End PBXFrameworksBuildPhase section */

/* Begin PBXGroup section */
		1D15F892EFAB5B8C4DEA2866 /* Pods */ = {
			isa = PBXGroup;
			children = (
				6A2681D1952638D8C6A87EC6 /* Pods-WeatherTest.debug.xcconfig */,
				FDB409C4B7578EEAD46CE250 /* Pods-WeatherTest.release.xcconfig */,
			);
			path = Pods;
			sourceTree = "<group>";
		};
		6549B581E6C21D0841594D64 /* Frameworks */ = {
			isa = PBXGroup;
			children = (
				CD76800C58512A9950E9E6C3 /* Pods_WeatherTest.framework */,
			);
			name = Frameworks;
			sourceTree = "<group>";
		};
		8AEBE8DB24AB76CD00ACF534 = {
			isa = PBXGroup;
			children = (
				8AEBE8E624AB76CD00ACF534 /* WeatherTest */,
				8AEBE8E524AB76CD00ACF534 /* Products */,
				1D15F892EFAB5B8C4DEA2866 /* Pods */,
				6549B581E6C21D0841594D64 /* Frameworks */,
			);
			sourceTree = "<group>";
		};
		8AEBE8E524AB76CD00ACF534 /* Products */ = {
			isa = PBXGroup;
			children = (
				8AEBE8E424AB76CD00ACF534 /* WeatherTest.app */,
			);
			name = Products;
			sourceTree = "<group>";
		};
		8AEBE8E624AB76CD00ACF534 /* WeatherTest */ = {
			isa = PBXGroup;
			children = (
				8AEBE8E724AB76CD00ACF534 /* AppDelegate.swift */,
				8AEBE8E924AB76CD00ACF534 /* SceneDelegate.swift */,
				8AEBE8EB24AB76CD00ACF534 /* ViewController.swift */,
				8AACD70724AF9E72005F61C9 /* CityTableViewCell.swift */,
				8AACD70924AF9F64005F61C9 /* DetailsViewController.swift */,
				8AEBE90624AF685D00ACF534 /* ManagerAssembly.swift */,
				8AEBE8FE24ACD32A00ACF534 /* Manager.swift */,
				8AEBE90024ACE20100ACF534 /* CityWeather.swift */,
				8AEBE90224ADC10D00ACF534 /* ApiCommand.swift */,
				8AEBE90424AF632D00ACF534 /* URLBuilder.swift */,
				8AEBE8ED24AB76CD00ACF534 /* Main.storyboard */,
				8AEBE8F324AB76CF00ACF534 /* Assets.xcassets */,
				8AEBE8F524AB76CF00ACF534 /* LaunchScreen.storyboard */,
				8AEBE8F824AB76CF00ACF534 /* Info.plist */,
				8AEBE8F024AB76CD00ACF534 /* WeatherTest.xcdatamodeld */,
			);
			path = WeatherTest;
			sourceTree = "<group>";
		};
/* End PBXGroup section */

/* Begin PBXNativeTarget section */
		8AEBE8E324AB76CD00ACF534 /* WeatherTest */ = {
			isa = PBXNativeTarget;
			buildConfigurationList = 8AEBE8FB24AB76CF00ACF534 /* Build configuration list for PBXNativeTarget "WeatherTest" */;
			buildPhases = (
				3753C37F62244F0457E031C7 /* [CP] Check Pods Manifest.lock */,
				8AEBE8E024AB76CD00ACF534 /* Sources */,
				8AEBE8E124AB76CD00ACF534 /* Frameworks */,
				8AEBE8E224AB76CD00ACF534 /* Resources */,
				CA1C4FC00E112B45BA5BE1AF /* [CP] Embed Pods Frameworks */,
			);
			buildRules = (
			);
			dependencies = (
			);
			name = WeatherTest;
			productName = WeatherTest;
			productReference = 8AEBE8E424AB76CD00ACF534 /* WeatherTest.app */;
			productType = "com.apple.product-type.application";
		};
/* End PBXNativeTarget section */

/* Begin PBXProject section */
		8AEBE8DC24AB76CD00ACF534 /* Project object */ = {
			isa = PBXProject;
			attributes = {
				LastSwiftUpdateCheck = 1140;
				LastUpgradeCheck = 1140;
				ORGANIZATIONNAME = "Alexey Horokhov";
				TargetAttributes = {
					8AEBE8E324AB76CD00ACF534 = {
						CreatedOnToolsVersion = 11.4.1;
					};
				};
			};
			buildConfigurationList = 8AEBE8DF24AB76CD00ACF534 /* Build configuration list for PBXProject "WeatherTest" */;
			compatibilityVersion = "Xcode 9.3";
			developmentRegion = en;
			hasScannedForEncodings = 0;
			knownRegions = (
				en,
				Base,
			);
			mainGroup = 8AEBE8DB24AB76CD00ACF534;
			productRefGroup = 8AEBE8E524AB76CD00ACF534 /* Products */;
			projectDirPath = "";
			projectRoot = "";
			targets = (
				8AEBE8E324AB76CD00ACF534 /* WeatherTest */,
			);
		};
/* End PBXProject section */

/* Begin PBXResourcesBuildPhase section */
		8AEBE8E224AB76CD00ACF534 /* Resources */ = {
			isa = PBXResourcesBuildPhase;
			buildActionMask = 2147483647;
			files = (
				8AEBE8F724AB76CF00ACF534 /* LaunchScreen.storyboard in Resources */,
				8AEBE8F424AB76CF00ACF534 /* Assets.xcassets in Resources */,
				8AEBE8EF24AB76CD00ACF534 /* Main.storyboard in Resources */,
			);
			runOnlyForDeploymentPostprocessing = 0;
		};
/* End PBXResourcesBuildPhase section */

/* Begin PBXShellScriptBuildPhase section */
		3753C37F62244F0457E031C7 /* [CP] Check Pods Manifest.lock */ = {
			isa = PBXShellScriptBuildPhase;
			buildActionMask = 2147483647;
			files = (
			);
			inputFileListPaths = (
			);
			inputPaths = (
				"${PODS_PODFILE_DIR_PATH}/Podfile.lock",
				"${PODS_ROOT}/Manifest.lock",
			);
			name = "[CP] Check Pods Manifest.lock";
			outputFileListPaths = (
			);
			outputPaths = (
				"$(DERIVED_FILE_DIR)/Pods-WeatherTest-checkManifestLockResult.txt",
			);
			runOnlyForDeploymentPostprocessing = 0;
			shellPath = /bin/sh;
			shellScript = "diff \"${PODS_PODFILE_DIR_PATH}/Podfile.lock\" \"${PODS_ROOT}/Manifest.lock\" > /dev/null\nif [ $? != 0 ] ; then\n    # print error to STDERR\n    echo \"error: The sandbox is not in sync with the Podfile.lock. Run 'pod install' or update your CocoaPods installation.\" >&2\n    exit 1\nfi\n# This output is used by Xcode 'outputs' to avoid re-running this script phase.\necho \"SUCCESS\" > \"${SCRIPT_OUTPUT_FILE_0}\"\n";
			showEnvVarsInLog = 0;
		};
		CA1C4FC00E112B45BA5BE1AF /* [CP] Embed Pods Frameworks */ = {
			isa = PBXShellScriptBuildPhase;
			buildActionMask = 2147483647;
			files = (
			);
			inputFileListPaths = (
				"${PODS_ROOT}/Target Support Files/Pods-WeatherTest/Pods-WeatherTest-frameworks-${CONFIGURATION}-input-files.xcfilelist",
			);
			name = "[CP] Embed Pods Frameworks";
			outputFileListPaths = (
				"${PODS_ROOT}/Target Support Files/Pods-WeatherTest/Pods-WeatherTest-frameworks-${CONFIGURATION}-output-files.xcfilelist",
			);
			runOnlyForDeploymentPostprocessing = 0;
			shellPath = /bin/sh;
			shellScript = "\"${PODS_ROOT}/Target Support Files/Pods-WeatherTest/Pods-WeatherTest-frameworks.sh\"\n";
			showEnvVarsInLog = 0;
		};
/* End PBXShellScriptBuildPhase section */

/* Begin PBXSourcesBuildPhase section */
		8AEBE8E024AB76CD00ACF534 /* Sources */ = {
			isa = PBXSourcesBuildPhase;
			buildActionMask = 2147483647;
			files = (
				8AEBE8F224AB76CD00ACF534 /* WeatherTest.xcdatamodeld in Sources */,
				8AEBE90324ADC10D00ACF534 /* ApiCommand.swift in Sources */,
				8AACD70824AF9E72005F61C9 /* CityTableViewCell.swift in Sources */,
				8AACD70A24AF9F64005F61C9 /* DetailsViewController.swift in Sources */,
				8AEBE90124ACE20100ACF534 /* CityWeather.swift in Sources */,
				8AEBE8EC24AB76CD00ACF534 /* ViewController.swift in Sources */,
				8AEBE8E824AB76CD00ACF534 /* AppDelegate.swift in Sources */,
				8AEBE90524AF632D00ACF534 /* URLBuilder.swift in Sources */,
				8AEBE8EA24AB76CD00ACF534 /* SceneDelegate.swift in Sources */,
				8AEBE8FF24ACD32A00ACF534 /* Manager.swift in Sources */,
				8AEBE90724AF685D00ACF534 /* ManagerAssembly.swift in Sources */,
			);
			runOnlyForDeploymentPostprocessing = 0;
		};
/* End PBXSourcesBuildPhase section */

/* Begin PBXVariantGroup section */
		8AEBE8ED24AB76CD00ACF534 /* Main.storyboard */ = {
			isa = PBXVariantGroup;
			children = (
				8AEBE8EE24AB76CD00ACF534 /* Base */,
			);
			name = Main.storyboard;
			sourceTree = "<group>";
		};
		8AEBE8F524AB76CF00ACF534 /* LaunchScreen.storyboard */ = {
			isa = PBXVariantGroup;
			children = (
				8AEBE8F624AB76CF00ACF534 /* Base */,
			);
			name = LaunchScreen.storyboard;
			sourceTree = "<group>";
		};
/* End PBXVariantGroup section */

/* Begin XCBuildConfiguration section */
		8AEBE8F924AB76CF00ACF534 /* Debug */ = {
			isa = XCBuildConfiguration;
			buildSettings = {
				ALWAYS_SEARCH_USER_PATHS = NO;
				CLANG_ANALYZER_NONNULL = YES;
				CLANG_ANALYZER_NUMBER_OBJECT_CONVERSION = YES_AGGRESSIVE;
				CLANG_CXX_LANGUAGE_STANDARD = "gnu++14";
				CLANG_CXX_LIBRARY = "libc++";
				CLANG_ENABLE_MODULES = YES;
				CLANG_ENABLE_OBJC_ARC = YES;
				CLANG_ENABLE_OBJC_WEAK = YES;
				CLANG_WARN_BLOCK_CAPTURE_AUTORELEASING = YES;
				CLANG_WARN_BOOL_CONVERSION = YES;
				CLANG_WARN_COMMA = YES;
				CLANG_WARN_CONSTANT_CONVERSION = YES;
				CLANG_WARN_DEPRECATED_OBJC_IMPLEMENTATIONS = YES;
				CLANG_WARN_DIRECT_OBJC_ISA_USAGE = YES_ERROR;
				CLANG_WARN_DOCUMENTATION_COMMENTS = YES;
				CLANG_WARN_EMPTY_BODY = YES;
				CLANG_WARN_ENUM_CONVERSION = YES;
				CLANG_WARN_INFINITE_RECURSION = YES;
				CLANG_WARN_INT_CONVERSION = YES;
				CLANG_WARN_NON_LITERAL_NULL_CONVERSION = YES;
				CLANG_WARN_OBJC_IMPLICIT_RETAIN_SELF = YES;
				CLANG_WARN_OBJC_LITERAL_CONVERSION = YES;
				CLANG_WARN_OBJC_ROOT_CLASS = YES_ERROR;
				CLANG_WARN_RANGE_LOOP_ANALYSIS = YES;
				CLANG_WARN_STRICT_PROTOTYPES = YES;
				CLANG_WARN_SUSPICIOUS_MOVE = YES;
				CLANG_WARN_UNGUARDED_AVAILABILITY = YES_AGGRESSIVE;
				CLANG_WARN_UNREACHABLE_CODE = YES;
				CLANG_WARN__DUPLICATE_METHOD_MATCH = YES;
				COPY_PHASE_STRIP = NO;
				DEBUG_INFORMATION_FORMAT = dwarf;
				ENABLE_STRICT_OBJC_MSGSEND = YES;
				ENABLE_TESTABILITY = YES;
				GCC_C_LANGUAGE_STANDARD = gnu11;
				GCC_DYNAMIC_NO_PIC = NO;
				GCC_NO_COMMON_BLOCKS = YES;
				GCC_OPTIMIZATION_LEVEL = 0;
				GCC_PREPROCESSOR_DEFINITIONS = (
					"DEBUG=1",
					"$(inherited)",
				);
				GCC_WARN_64_TO_32_BIT_CONVERSION = YES;
				GCC_WARN_ABOUT_RETURN_TYPE = YES_ERROR;
				GCC_WARN_UNDECLARED_SELECTOR = YES;
				GCC_WARN_UNINITIALIZED_AUTOS = YES_AGGRESSIVE;
				GCC_WARN_UNUSED_FUNCTION = YES;
				GCC_WARN_UNUSED_VARIABLE = YES;
				IPHONEOS_DEPLOYMENT_TARGET = 10.0;
				MTL_ENABLE_DEBUG_INFO = INCLUDE_SOURCE;
				MTL_FAST_MATH = YES;
				ONLY_ACTIVE_ARCH = YES;
				SDKROOT = iphoneos;
				SWIFT_ACTIVE_COMPILATION_CONDITIONS = DEBUG;
				SWIFT_OPTIMIZATION_LEVEL = "-Onone";
			};
			name = Debug;
		};
		8AEBE8FA24AB76CF00ACF534 /* Release */ = {
			isa = XCBuildConfiguration;
			buildSettings = {
				ALWAYS_SEARCH_USER_PATHS = NO;
				CLANG_ANALYZER_NONNULL = YES;
				CLANG_ANALYZER_NUMBER_OBJECT_CONVERSION = YES_AGGRESSIVE;
				CLANG_CXX_LANGUAGE_STANDARD = "gnu++14";
				CLANG_CXX_LIBRARY = "libc++";
				CLANG_ENABLE_MODULES = YES;
				CLANG_ENABLE_OBJC_ARC = YES;
				CLANG_ENABLE_OBJC_WEAK = YES;
				CLANG_WARN_BLOCK_CAPTURE_AUTORELEASING = YES;
				CLANG_WARN_BOOL_CONVERSION = YES;
				CLANG_WARN_COMMA = YES;
				CLANG_WARN_CONSTANT_CONVERSION = YES;
				CLANG_WARN_DEPRECATED_OBJC_IMPLEMENTATIONS = YES;
				CLANG_WARN_DIRECT_OBJC_ISA_USAGE = YES_ERROR;
				CLANG_WARN_DOCUMENTATION_COMMENTS = YES;
				CLANG_WARN_EMPTY_BODY = YES;
				CLANG_WARN_ENUM_CONVERSION = YES;
				CLANG_WARN_INFINITE_RECURSION = YES;
				CLANG_WARN_INT_CONVERSION = YES;
				CLANG_WARN_NON_LITERAL_NULL_CONVERSION = YES;
				CLANG_WARN_OBJC_IMPLICIT_RETAIN_SELF = YES;
				CLANG_WARN_OBJC_LITERAL_CONVERSION = YES;
				CLANG_WARN_OBJC_ROOT_CLASS = YES_ERROR;
				CLANG_WARN_RANGE_LOOP_ANALYSIS = YES;
				CLANG_WARN_STRICT_PROTOTYPES = YES;
				CLANG_WARN_SUSPICIOUS_MOVE = YES;
				CLANG_WARN_UNGUARDED_AVAILABILITY = YES_AGGRESSIVE;
				CLANG_WARN_UNREACHABLE_CODE = YES;
				CLANG_WARN__DUPLICATE_METHOD_MATCH = YES;
				COPY_PHASE_STRIP = NO;
				DEBUG_INFORMATION_FORMAT = "dwarf-with-dsym";
				ENABLE_NS_ASSERTIONS = NO;
				ENABLE_STRICT_OBJC_MSGSEND = YES;
				GCC_C_LANGUAGE_STANDARD = gnu11;
				GCC_NO_COMMON_BLOCKS = YES;
				GCC_WARN_64_TO_32_BIT_CONVERSION = YES;
				GCC_WARN_ABOUT_RETURN_TYPE = YES_ERROR;
				GCC_WARN_UNDECLARED_SELECTOR = YES;
				GCC_WARN_UNINITIALIZED_AUTOS = YES_AGGRESSIVE;
				GCC_WARN_UNUSED_FUNCTION = YES;
				GCC_WARN_UNUSED_VARIABLE = YES;
				IPHONEOS_DEPLOYMENT_TARGET = 10.0;
				MTL_ENABLE_DEBUG_INFO = NO;
				MTL_FAST_MATH = YES;
				SDKROOT = iphoneos;
				SWIFT_COMPILATION_MODE = wholemodule;
				SWIFT_OPTIMIZATION_LEVEL = "-O";
				VALIDATE_PRODUCT = YES;
			};
			name = Release;
		};
		8AEBE8FC24AB76CF00ACF534 /* Debug */ = {
			isa = XCBuildConfiguration;
			baseConfigurationReference = 6A2681D1952638D8C6A87EC6 /* Pods-WeatherTest.debug.xcconfig */;
			buildSettings = {
				ASSETCATALOG_COMPILER_APPICON_NAME = AppIcon;
				CODE_SIGN_STYLE = Automatic;
				DEVELOPMENT_TEAM = EHDDZQ567Q;
				INFOPLIST_FILE = WeatherTest/Info.plist;
				IPHONEOS_DEPLOYMENT_TARGET = 10.0;
				LD_RUNPATH_SEARCH_PATHS = (
					"$(inherited)",
					"@executable_path/Frameworks",
				);
				PRODUCT_BUNDLE_IDENTIFIER = ID.WeatherTest;
				PRODUCT_NAME = "$(TARGET_NAME)";
				SWIFT_VERSION = 5.0;
				TARGETED_DEVICE_FAMILY = "1,2";
			};
			name = Debug;
		};
		8AEBE8FD24AB76CF00ACF534 /* Release */ = {
			isa = XCBuildConfiguration;
			baseConfigurationReference = FDB409C4B7578EEAD46CE250 /* Pods-WeatherTest.release.xcconfig */;
			buildSettings = {
				ASSETCATALOG_COMPILER_APPICON_NAME = AppIcon;
				CODE_SIGN_STYLE = Automatic;
				DEVELOPMENT_TEAM = EHDDZQ567Q;
				INFOPLIST_FILE = WeatherTest/Info.plist;
				IPHONEOS_DEPLOYMENT_TARGET = 10.0;
				LD_RUNPATH_SEARCH_PATHS = (
					"$(inherited)",
					"@executable_path/Frameworks",
				);
				PRODUCT_BUNDLE_IDENTIFIER = ID.WeatherTest;
				PRODUCT_NAME = "$(TARGET_NAME)";
				SWIFT_VERSION = 5.0;
				TARGETED_DEVICE_FAMILY = "1,2";
			};
			name = Release;
		};
/* End XCBuildConfiguration section */

/* Begin XCConfigurationList section */
		8AEBE8DF24AB76CD00ACF534 /* Build configuration list for PBXProject "WeatherTest" */ = {
			isa = XCConfigurationList;
			buildConfigurations = (
				8AEBE8F924AB76CF00ACF534 /* Debug */,
				8AEBE8FA24AB76CF00ACF534 /* Release */,
			);
			defaultConfigurationIsVisible = 0;
			defaultConfigurationName = Release;
		};
		8AEBE8FB24AB76CF00ACF534 /* Build configuration list for PBXNativeTarget "WeatherTest" */ = {
			isa = XCConfigurationList;
			buildConfigurations = (
				8AEBE8FC24AB76CF00ACF534 /* Debug */,
				8AEBE8FD24AB76CF00ACF534 /* Release */,
			);
			defaultConfigurationIsVisible = 0;
			defaultConfigurationName = Release;
		};
/* End XCConfigurationList section */

/* Begin XCVersionGroup section */
		8AEBE8F024AB76CD00ACF534 /* WeatherTest.xcdatamodeld */ = {
			isa = XCVersionGroup;
			children = (
				8AEBE8F124AB76CD00ACF534 /* WeatherTest.xcdatamodel */,
			);
			currentVersion = 8AEBE8F124AB76CD00ACF534 /* WeatherTest.xcdatamodel */;
			path = WeatherTest.xcdatamodeld;
			sourceTree = "<group>";
			versionGroupType = wrapper.xcdatamodel;
		};
/* End XCVersionGroup section */
	};
	rootObject = 8AEBE8DC24AB76CD00ACF534 /* Project object */;
}
